// !$*UTF8*$!
{
	archiveVersion = 1;
	classes = {
	};
	objectVersion = 50;
	objects = {

/* Begin PBXBuildFile section */
		DA782CAA27B5CE39000FFD27 /* CategoriesCollectionViewCell.swift in Sources */ = {isa = PBXBuildFile; fileRef = DA782CA927B5CE39000FFD27 /* CategoriesCollectionViewCell.swift */; };
		DAA8FEEF27B5C772006A525A /* AppDelegate.swift in Sources */ = {isa = PBXBuildFile; fileRef = DAA8FEEE27B5C772006A525A /* AppDelegate.swift */; };
		DAA8FEF127B5C772006A525A /* SceneDelegate.swift in Sources */ = {isa = PBXBuildFile; fileRef = DAA8FEF027B5C772006A525A /* SceneDelegate.swift */; };
		DAA8FEF327B5C772006A525A /* ViewController.swift in Sources */ = {isa = PBXBuildFile; fileRef = DAA8FEF227B5C772006A525A /* ViewController.swift */; };
		DAA8FEF627B5C772006A525A /* Main.storyboard in Resources */ = {isa = PBXBuildFile; fileRef = DAA8FEF427B5C772006A525A /* Main.storyboard */; };
		DAA8FEF827B5C774006A525A /* Assets.xcassets in Resources */ = {isa = PBXBuildFile; fileRef = DAA8FEF727B5C774006A525A /* Assets.xcassets */; };
		DAA8FEFB27B5C774006A525A /* LaunchScreen.storyboard in Resources */ = {isa = PBXBuildFile; fileRef = DAA8FEF927B5C774006A525A /* LaunchScreen.storyboard */; };
		DAE7794127C7FE20004E6236 /* ItemsViewController.swift in Sources */ = {isa = PBXBuildFile; fileRef = DAE7794027C7FE20004E6236 /* ItemsViewController.swift */; };
		DAE7794327C8011B004E6236 /* NetworkManager.swift in Sources */ = {isa = PBXBuildFile; fileRef = DAE7794227C8011B004E6236 /* NetworkManager.swift */; };
		DAE7794727C802D6004E6236 /* Civilization.swift in Sources */ = {isa = PBXBuildFile; fileRef = DAE7794627C802D6004E6236 /* Civilization.swift */; };
/* End PBXBuildFile section */

/* Begin PBXFileReference section */
		DA782CA927B5CE39000FFD27 /* CategoriesCollectionViewCell.swift */ = {isa = PBXFileReference; lastKnownFileType = sourcecode.swift; path = CategoriesCollectionViewCell.swift; sourceTree = "<group>"; };
		DAA8FEEB27B5C772006A525A /* AgeOfEmpires2Wiki.app */ = {isa = PBXFileReference; explicitFileType = wrapper.application; includeInIndex = 0; path = AgeOfEmpires2Wiki.app; sourceTree = BUILT_PRODUCTS_DIR; };
		DAA8FEEE27B5C772006A525A /* AppDelegate.swift */ = {isa = PBXFileReference; lastKnownFileType = sourcecode.swift; path = AppDelegate.swift; sourceTree = "<group>"; };
		DAA8FEF027B5C772006A525A /* SceneDelegate.swift */ = {isa = PBXFileReference; lastKnownFileType = sourcecode.swift; path = SceneDelegate.swift; sourceTree = "<group>"; };
		DAA8FEF227B5C772006A525A /* ViewController.swift */ = {isa = PBXFileReference; lastKnownFileType = sourcecode.swift; path = ViewController.swift; sourceTree = "<group>"; };
		DAA8FEF527B5C772006A525A /* Base */ = {isa = PBXFileReference; lastKnownFileType = file.storyboard; name = Base; path = Base.lproj/Main.storyboard; sourceTree = "<group>"; };
		DAA8FEF727B5C774006A525A /* Assets.xcassets */ = {isa = PBXFileReference; lastKnownFileType = folder.assetcatalog; path = Assets.xcassets; sourceTree = "<group>"; };
		DAA8FEFA27B5C774006A525A /* Base */ = {isa = PBXFileReference; lastKnownFileType = file.storyboard; name = Base; path = Base.lproj/LaunchScreen.storyboard; sourceTree = "<group>"; };
		DAA8FEFC27B5C774006A525A /* Info.plist */ = {isa = PBXFileReference; lastKnownFileType = text.plist.xml; path = Info.plist; sourceTree = "<group>"; };
		DAE7794027C7FE20004E6236 /* ItemsViewController.swift */ = {isa = PBXFileReference; lastKnownFileType = sourcecode.swift; path = ItemsViewController.swift; sourceTree = "<group>"; };
		DAE7794227C8011B004E6236 /* NetworkManager.swift */ = {isa = PBXFileReference; lastKnownFileType = sourcecode.swift; path = NetworkManager.swift; sourceTree = "<group>"; };
		DAE7794627C802D6004E6236 /* Civilization.swift */ = {isa = PBXFileReference; lastKnownFileType = sourcecode.swift; path = Civilization.swift; sourceTree = "<group>"; };
/* End PBXFileReference section */

/* Begin PBXFrameworksBuildPhase section */
		DAA8FEE827B5C772006A525A /* Frameworks */ = {
			isa = PBXFrameworksBuildPhase;
			buildActionMask = 2147483647;
			files = (
			);
			runOnlyForDeploymentPostprocessing = 0;
		};
/* End PBXFrameworksBuildPhase section */

/* Begin PBXGroup section */
		DA782CA427B5CD70000FFD27 /* Model */ = {
			isa = PBXGroup;
			children = (
				DAE7794627C802D6004E6236 /* Civilization.swift */,
			);
			path = Model;
			sourceTree = "<group>";
		};
		DA782CA527B5CD75000FFD27 /* View */ = {
			isa = PBXGroup;
			children = (
				DAA8FEF727B5C774006A525A /* Assets.xcassets */,
				DA782CA727B5CD85000FFD27 /* Storyboards */,
				DA782CA927B5CE39000FFD27 /* CategoriesCollectionViewCell.swift */,
			);
			path = View;
			sourceTree = "<group>";
		};
		DA782CA627B5CD79000FFD27 /* Controller */ = {
			isa = PBXGroup;
			children = (
				DAA8FEF227B5C772006A525A /* ViewController.swift */,
				DAE7794027C7FE20004E6236 /* ItemsViewController.swift */,
			);
			path = Controller;
			sourceTree = "<group>";
		};
		DA782CA727B5CD85000FFD27 /* Storyboards */ = {
			isa = PBXGroup;
			children = (
				DAA8FEF427B5C772006A525A /* Main.storyboard */,
				DAA8FEF927B5C774006A525A /* LaunchScreen.storyboard */,
			);
			path = Storyboards;
			sourceTree = "<group>";
		};
		DA782CA827B5CDCB000FFD27 /* Resources */ = {
			isa = PBXGroup;
			children = (
				DAA8FEEE27B5C772006A525A /* AppDelegate.swift */,
				DAA8FEF027B5C772006A525A /* SceneDelegate.swift */,
				DAE7794227C8011B004E6236 /* NetworkManager.swift */,
			);
			path = Resources;
			sourceTree = "<group>";
		};
		DAA8FEE227B5C772006A525A = {
			isa = PBXGroup;
			children = (
				DAA8FEED27B5C772006A525A /* AgeOfEmpires2Wiki */,
				DAA8FEEC27B5C772006A525A /* Products */,
			);
			sourceTree = "<group>";
		};
		DAA8FEEC27B5C772006A525A /* Products */ = {
			isa = PBXGroup;
			children = (
				DAA8FEEB27B5C772006A525A /* AgeOfEmpires2Wiki.app */,
			);
			name = Products;
			sourceTree = "<group>";
		};
		DAA8FEED27B5C772006A525A /* AgeOfEmpires2Wiki */ = {
			isa = PBXGroup;
			children = (
				DA782CA827B5CDCB000FFD27 /* Resources */,
				DA782CA627B5CD79000FFD27 /* Controller */,
				DA782CA527B5CD75000FFD27 /* View */,
				DA782CA427B5CD70000FFD27 /* Model */,
				DAA8FEFC27B5C774006A525A /* Info.plist */,
			);
			path = AgeOfEmpires2Wiki;
			sourceTree = "<group>";
		};
/* End PBXGroup section */

/* Begin PBXNativeTarget section */
		DAA8FEEA27B5C772006A525A /* AgeOfEmpires2Wiki */ = {
			isa = PBXNativeTarget;
			buildConfigurationList = DAA8FEFF27B5C774006A525A /* Build configuration list for PBXNativeTarget "AgeOfEmpires2Wiki" */;
			buildPhases = (
				DAA8FEE727B5C772006A525A /* Sources */,
				DAA8FEE827B5C772006A525A /* Frameworks */,
				DAA8FEE927B5C772006A525A /* Resources */,
			);
			buildRules = (
			);
			dependencies = (
			);
			name = AgeOfEmpires2Wiki;
			productName = AgeOfEmpires2Wiki;
			productReference = DAA8FEEB27B5C772006A525A /* AgeOfEmpires2Wiki.app */;
			productType = "com.apple.product-type.application";
		};
/* End PBXNativeTarget section */

/* Begin PBXProject section */
		DAA8FEE327B5C772006A525A /* Project object */ = {
			isa = PBXProject;
			attributes = {
				LastSwiftUpdateCheck = 1250;
				LastUpgradeCheck = 1250;
				TargetAttributes = {
					DAA8FEEA27B5C772006A525A = {
						CreatedOnToolsVersion = 12.5.1;
					};
				};
			};
			buildConfigurationList = DAA8FEE627B5C772006A525A /* Build configuration list for PBXProject "AgeOfEmpires2Wiki" */;
			compatibilityVersion = "Xcode 9.3";
			developmentRegion = en;
			hasScannedForEncodings = 0;
			knownRegions = (
				en,
				Base,
			);
			mainGroup = DAA8FEE227B5C772006A525A;
			productRefGroup = DAA8FEEC27B5C772006A525A /* Products */;
			projectDirPath = "";
			projectRoot = "";
			targets = (
				DAA8FEEA27B5C772006A525A /* AgeOfEmpires2Wiki */,
			);
		};
/* End PBXProject section */

/* Begin PBXResourcesBuildPhase section */
		DAA8FEE927B5C772006A525A /* Resources */ = {
			isa = PBXResourcesBuildPhase;
			buildActionMask = 2147483647;
			files = (
				DAA8FEFB27B5C774006A525A /* LaunchScreen.storyboard in Resources */,
				DAA8FEF827B5C774006A525A /* Assets.xcassets in Resources */,
				DAA8FEF627B5C772006A525A /* Main.storyboard in Resources */,
			);
			runOnlyForDeploymentPostprocessing = 0;
		};
/* End PBXResourcesBuildPhase section */

/* Begin PBXSourcesBuildPhase section */
		DAA8FEE727B5C772006A525A /* Sources */ = {
			isa = PBXSourcesBuildPhase;
			buildActionMask = 2147483647;
			files = (
				DAE7794727C802D6004E6236 /* Civilization.swift in Sources */,
				DAE7794327C8011B004E6236 /* NetworkManager.swift in Sources */,
				DAE7794127C7FE20004E6236 /* ItemsViewController.swift in Sources */,
				DAA8FEF327B5C772006A525A /* ViewController.swift in Sources */,
				DAA8FEEF27B5C772006A525A /* AppDelegate.swift in Sources */,
				DA782CAA27B5CE39000FFD27 /* CategoriesCollectionViewCell.swift in Sources */,
				DAA8FEF127B5C772006A525A /* SceneDelegate.swift in Sources */,
			);
			runOnlyForDeploymentPostprocessing = 0;
		};
/* End PBXSourcesBuildPhase section */

/* Begin PBXVariantGroup section */
		DAA8FEF427B5C772006A525A /* Main.storyboard */ = {
			isa = PBXVariantGroup;
			children = (
				DAA8FEF527B5C772006A525A /* Base */,
			);
			name = Main.storyboard;
			sourceTree = "<group>";
		};
		DAA8FEF927B5C774006A525A /* LaunchScreen.storyboard */ = {
			isa = PBXVariantGroup;
			children = (
				DAA8FEFA27B5C774006A525A /* Base */,
			);
			name = LaunchScreen.storyboard;
			sourceTree = "<group>";
		};
/* End PBXVariantGroup section */

/* Begin XCBuildConfiguration section */
		DAA8FEFD27B5C774006A525A /* Debug */ = {
			isa = XCBuildConfiguration;
			buildSettings = {
				ALWAYS_SEARCH_USER_PATHS = NO;
				CLANG_ANALYZER_NONNULL = YES;
				CLANG_ANALYZER_NUMBER_OBJECT_CONVERSION = YES_AGGRESSIVE;
				CLANG_CXX_LANGUAGE_STANDARD = "gnu++14";
				CLANG_CXX_LIBRARY = "libc++";
				CLANG_ENABLE_MODULES = YES;
				CLANG_ENABLE_OBJC_ARC = YES;
				CLANG_ENABLE_OBJC_WEAK = YES;
				CLANG_WARN_BLOCK_CAPTURE_AUTORELEASING = YES;
				CLANG_WARN_BOOL_CONVERSION = YES;
				CLANG_WARN_COMMA = YES;
				CLANG_WARN_CONSTANT_CONVERSION = YES;
				CLANG_WARN_DEPRECATED_OBJC_IMPLEMENTATIONS = YES;
				CLANG_WARN_DIRECT_OBJC_ISA_USAGE = YES_ERROR;
				CLANG_WARN_DOCUMENTATION_COMMENTS = YES;
				CLANG_WARN_EMPTY_BODY = YES;
				CLANG_WARN_ENUM_CONVERSION = YES;
				CLANG_WARN_INFINITE_RECURSION = YES;
				CLANG_WARN_INT_CONVERSION = YES;
				CLANG_WARN_NON_LITERAL_NULL_CONVERSION = YES;
				CLANG_WARN_OBJC_IMPLICIT_RETAIN_SELF = YES;
				CLANG_WARN_OBJC_LITERAL_CONVERSION = YES;
				CLANG_WARN_OBJC_ROOT_CLASS = YES_ERROR;
				CLANG_WARN_QUOTED_INCLUDE_IN_FRAMEWORK_HEADER = YES;
				CLANG_WARN_RANGE_LOOP_ANALYSIS = YES;
				CLANG_WARN_STRICT_PROTOTYPES = YES;
				CLANG_WARN_SUSPICIOUS_MOVE = YES;
				CLANG_WARN_UNGUARDED_AVAILABILITY = YES_AGGRESSIVE;
				CLANG_WARN_UNREACHABLE_CODE = YES;
				CLANG_WARN__DUPLICATE_METHOD_MATCH = YES;
				COPY_PHASE_STRIP = NO;
				DEBUG_INFORMATION_FORMAT = dwarf;
				ENABLE_STRICT_OBJC_MSGSEND = YES;
				ENABLE_TESTABILITY = YES;
				GCC_C_LANGUAGE_STANDARD = gnu11;
				GCC_DYNAMIC_NO_PIC = NO;
				GCC_NO_COMMON_BLOCKS = YES;
				GCC_OPTIMIZATION_LEVEL = 0;
				GCC_PREPROCESSOR_DEFINITIONS = (
					"DEBUG=1",
					"$(inherited)",
				);
				GCC_WARN_64_TO_32_BIT_CONVERSION = YES;
				GCC_WARN_ABOUT_RETURN_TYPE = YES_ERROR;
				GCC_WARN_UNDECLARED_SELECTOR = YES;
				GCC_WARN_UNINITIALIZED_AUTOS = YES_AGGRESSIVE;
				GCC_WARN_UNUSED_FUNCTION = YES;
				GCC_WARN_UNUSED_VARIABLE = YES;
				IPHONEOS_DEPLOYMENT_TARGET = 14.5;
				MTL_ENABLE_DEBUG_INFO = INCLUDE_SOURCE;
				MTL_FAST_MATH = YES;
				ONLY_ACTIVE_ARCH = YES;
				SDKROOT = iphoneos;
				SWIFT_ACTIVE_COMPILATION_CONDITIONS = DEBUG;
				SWIFT_OPTIMIZATION_LEVEL = "-Onone";
			};
			name = Debug;
		};
		DAA8FEFE27B5C774006A525A /* Release */ = {
			isa = XCBuildConfiguration;
			buildSettings = {
				ALWAYS_SEARCH_USER_PATHS = NO;
				CLANG_ANALYZER_NONNULL = YES;
				CLANG_ANALYZER_NUMBER_OBJECT_CONVERSION = YES_AGGRESSIVE;
				CLANG_CXX_LANGUAGE_STANDARD = "gnu++14";
				CLANG_CXX_LIBRARY = "libc++";
				CLANG_ENABLE_MODULES = YES;
				CLANG_ENABLE_OBJC_ARC = YES;
				CLANG_ENABLE_OBJC_WEAK = YES;
				CLANG_WARN_BLOCK_CAPTURE_AUTORELEASING = YES;
				CLANG_WARN_BOOL_CONVERSION = YES;
				CLANG_WARN_COMMA = YES;
				CLANG_WARN_CONSTANT_CONVERSION = YES;
				CLANG_WARN_DEPRECATED_OBJC_IMPLEMENTATIONS = YES;
				CLANG_WARN_DIRECT_OBJC_ISA_USAGE = YES_ERROR;
				CLANG_WARN_DOCUMENTATION_COMMENTS = YES;
				CLANG_WARN_EMPTY_BODY = YES;
				CLANG_WARN_ENUM_CONVERSION = YES;
				CLANG_WARN_INFINITE_RECURSION = YES;
				CLANG_WARN_INT_CONVERSION = YES;
				CLANG_WARN_NON_LITERAL_NULL_CONVERSION = YES;
				CLANG_WARN_OBJC_IMPLICIT_RETAIN_SELF = YES;
				CLANG_WARN_OBJC_LITERAL_CONVERSION = YES;
				CLANG_WARN_OBJC_ROOT_CLASS = YES_ERROR;
				CLANG_WARN_QUOTED_INCLUDE_IN_FRAMEWORK_HEADER = YES;
				CLANG_WARN_RANGE_LOOP_ANALYSIS = YES;
				CLANG_WARN_STRICT_PROTOTYPES = YES;
				CLANG_WARN_SUSPICIOUS_MOVE = YES;
				CLANG_WARN_UNGUARDED_AVAILABILITY = YES_AGGRESSIVE;
				CLANG_WARN_UNREACHABLE_CODE = YES;
				CLANG_WARN__DUPLICATE_METHOD_MATCH = YES;
				COPY_PHASE_STRIP = NO;
				DEBUG_INFORMATION_FORMAT = "dwarf-with-dsym";
				ENABLE_NS_ASSERTIONS = NO;
				ENABLE_STRICT_OBJC_MSGSEND = YES;
				GCC_C_LANGUAGE_STANDARD = gnu11;
				GCC_NO_COMMON_BLOCKS = YES;
				GCC_WARN_64_TO_32_BIT_CONVERSION = YES;
				GCC_WARN_ABOUT_RETURN_TYPE = YES_ERROR;
				GCC_WARN_UNDECLARED_SELECTOR = YES;
				GCC_WARN_UNINITIALIZED_AUTOS = YES_AGGRESSIVE;
				GCC_WARN_UNUSED_FUNCTION = YES;
				GCC_WARN_UNUSED_VARIABLE = YES;
				IPHONEOS_DEPLOYMENT_TARGET = 14.5;
				MTL_ENABLE_DEBUG_INFO = NO;
				MTL_FAST_MATH = YES;
				SDKROOT = iphoneos;
				SWIFT_COMPILATION_MODE = wholemodule;
				SWIFT_OPTIMIZATION_LEVEL = "-O";
				VALIDATE_PRODUCT = YES;
			};
			name = Release;
		};
		DAA8FF0027B5C774006A525A /* Debug */ = {
			isa = XCBuildConfiguration;
			buildSettings = {
				ASSETCATALOG_COMPILER_APPICON_NAME = AppIcon;
				ASSETCATALOG_COMPILER_GLOBAL_ACCENT_COLOR_NAME = AccentColor;
				CODE_SIGN_STYLE = Automatic;
				DEVELOPMENT_TEAM = U2GZC47BPR;
				INFOPLIST_FILE = AgeOfEmpires2Wiki/Info.plist;
				LD_RUNPATH_SEARCH_PATHS = (
					"$(inherited)",
					"@executable_path/Frameworks",
				);
				PRODUCT_BUNDLE_IDENTIFIER = com.erkansevim.AgeOfEmpires2Wiki;
				PRODUCT_NAME = "$(TARGET_NAME)";
				SWIFT_VERSION = 5.0;
				TARGETED_DEVICE_FAMILY = "1,2";
			};
			name = Debug;
		};
		DAA8FF0127B5C774006A525A /* Release */ = {
			isa = XCBuildConfiguration;
			buildSettings = {
				ASSETCATALOG_COMPILER_APPICON_NAME = AppIcon;
				ASSETCATALOG_COMPILER_GLOBAL_ACCENT_COLOR_NAME = AccentColor;
				CODE_SIGN_STYLE = Automatic;
				DEVELOPMENT_TEAM = U2GZC47BPR;
				INFOPLIST_FILE = AgeOfEmpires2Wiki/Info.plist;
				LD_RUNPATH_SEARCH_PATHS = (
					"$(inherited)",
					"@executable_path/Frameworks",
				);
				PRODUCT_BUNDLE_IDENTIFIER = com.erkansevim.AgeOfEmpires2Wiki;
				PRODUCT_NAME = "$(TARGET_NAME)";
				SWIFT_VERSION = 5.0;
				TARGETED_DEVICE_FAMILY = "1,2";
			};
			name = Release;
		};
/* End XCBuildConfiguration section */

/* Begin XCConfigurationList section */
		DAA8FEE627B5C772006A525A /* Build configuration list for PBXProject "AgeOfEmpires2Wiki" */ = {
			isa = XCConfigurationList;
			buildConfigurations = (
				DAA8FEFD27B5C774006A525A /* Debug */,
				DAA8FEFE27B5C774006A525A /* Release */,
			);
			defaultConfigurationIsVisible = 0;
			defaultConfigurationName = Release;
		};
		DAA8FEFF27B5C774006A525A /* Build configuration list for PBXNativeTarget "AgeOfEmpires2Wiki" */ = {
			isa = XCConfigurationList;
			buildConfigurations = (
				DAA8FF0027B5C774006A525A /* Debug */,
				DAA8FF0127B5C774006A525A /* Release */,
			);
			defaultConfigurationIsVisible = 0;
			defaultConfigurationName = Release;
		};
/* End XCConfigurationList section */
	};
	rootObject = DAA8FEE327B5C772006A525A /* Project object */;
}
